
Microsoft Visual Studio Solution File, Format Version 12.00
# Visual Studio Version 17
VisualStudioVersion = 17.7.34031.279
MinimumVisualStudioVersion = 10.0.40219.1
Project("{9A19103F-16F7-4668-BE54-9A1E7A4F7556}") = "MicroService1.API", "MicroService1.API\MicroService1.API.csproj", "{9E28BFE0-504D-4AFD-8A60-91F8932BEF63}"
EndProject
Project("{FAE04EC0-301F-11D3-BF4B-00C04F79EFBC}") = "MicroService2.API", "MicroService2.API\MicroService2.API.csproj", "{91406CD7-3792-4895-A6AF-0DAC7E8B62BB}"
EndProject
Project("{E53339B2-1760-4266-BCC7-CA923CBCF16C}") = "docker-compose", "docker-compose.dcproj", "{0FA0FA05-F7DB-4600-84E5-A59FB66B45AF}"
EndProject
Global
	GlobalSection(SolutionConfigurationPlatforms) = preSolution
		Debug|Any CPU = Debug|Any CPU
		Release|Any CPU = Release|Any CPU
	EndGlobalSection
	GlobalSection(ProjectConfigurationPlatforms) = postSolution
		{9E28BFE0-504D-4AFD-8A60-91F8932BEF63}.Debug|Any CPU.ActiveCfg = Debug|Any CPU
		{9E28BFE0-504D-4AFD-8A60-91F8932BEF63}.Debug|Any CPU.Build.0 = Debug|Any CPU
		{9E28BFE0-504D-4AFD-8A60-91F8932BEF63}.Release|Any CPU.ActiveCfg = Release|Any CPU
		{9E28BFE0-504D-4AFD-8A60-91F8932BEF63}.Release|Any CPU.Build.0 = Release|Any CPU
		{91406CD7-3792-4895-A6AF-0DAC7E8B62BB}.Debug|Any CPU.ActiveCfg = Debug|Any CPU
		{91406CD7-3792-4895-A6AF-0DAC7E8B62BB}.Debug|Any CPU.Build.0 = Debug|Any CPU
		{91406CD7-3792-4895-A6AF-0DAC7E8B62BB}.Release|Any CPU.ActiveCfg = Release|Any CPU
		{91406CD7-3792-4895-A6AF-0DAC7E8B62BB}.Release|Any CPU.Build.0 = Release|Any CPU
		{0FA0FA05-F7DB-4600-84E5-A59FB66B45AF}.Debug|Any CPU.ActiveCfg = Debug|Any CPU
		{0FA0FA05-F7DB-4600-84E5-A59FB66B45AF}.Debug|Any CPU.Build.0 = Debug|Any CPU
		{0FA0FA05-F7DB-4600-84E5-A59FB66B45AF}.Release|Any CPU.ActiveCfg = Release|Any CPU
		{0FA0FA05-F7DB-4600-84E5-A59FB66B45AF}.Release|Any CPU.Build.0 = Release|Any CPU
	EndGlobalSection
	GlobalSection(SolutionProperties) = preSolution
		HideSolutionNode = FALSE
	EndGlobalSection
	GlobalSection(ExtensibilityGlobals) = postSolution
		SolutionGuid = {22996504-2A7C-4D30-858A-5D12DC4E09BE}
	EndGlobalSection
EndGlobal
